
Microsoft Visual Studio Solution File, Format Version 12.00
# Visual Studio Version 17
VisualStudioVersion = 17.2.32630.192
MinimumVisualStudioVersion = 10.0.40219.1
Project("{9A19103F-16F7-4668-BE54-9A1E7A4F7556}") = "GroupFriends", "GroupFriends\GroupFriends.csproj", "{BB816870-3698-4BBB-A471-6FD49BA455C1}"
EndProject
Project("{9A19103F-16F7-4668-BE54-9A1E7A4F7556}") = "TwilightHunt.Shared", "..\..\TwilightHunt.Shared\TwilightHunt\TwilightHunt\TwilightHunt.Shared.csproj", "{A91CF20F-49DB-4774-8857-2A8246FDD428}"
EndProject
Global
	GlobalSection(SolutionConfigurationPlatforms) = preSolution
		Debug|Any CPU = Debug|Any CPU
		Release|Any CPU = Release|Any CPU
	EndGlobalSection
	GlobalSection(ProjectConfigurationPlatforms) = postSolution
		{BB816870-3698-4BBB-A471-6FD49BA455C1}.Debug|Any CPU.ActiveCfg = Debug|Any CPU
		{BB816870-3698-4BBB-A471-6FD49BA455C1}.Debug|Any CPU.Build.0 = Debug|Any CPU
		{BB816870-3698-4BBB-A471-6FD49BA455C1}.Release|Any CPU.ActiveCfg = Release|Any CPU
		{BB816870-3698-4BBB-A471-6FD49BA455C1}.Release|Any CPU.Build.0 = Release|Any CPU
		{A91CF20F-49DB-4774-8857-2A8246FDD428}.Debug|Any CPU.ActiveCfg = Debug|Any CPU
		{A91CF20F-49DB-4774-8857-2A8246FDD428}.Debug|Any CPU.Build.0 = Debug|Any CPU
		{A91CF20F-49DB-4774-8857-2A8246FDD428}.Release|Any CPU.ActiveCfg = Release|Any CPU
		{A91CF20F-49DB-4774-8857-2A8246FDD428}.Release|Any CPU.Build.0 = Release|Any CPU
	EndGlobalSection
	GlobalSection(SolutionProperties) = preSolution
		HideSolutionNode = FALSE
	EndGlobalSection
	GlobalSection(ExtensibilityGlobals) = postSolution
		SolutionGuid = {EA8F973D-7D90-446A-8BE2-003CF56820A8}
	EndGlobalSection
EndGlobal
